# This file is automatically @generated by Poetry 1.8.2 and should not be changed by hand.

[[package]]
name = "typed-argparse"
version = "0.3.1"
description = "Write type-safe and elegant CLIs with a clear separation of concerns."
optional = false
python-versions = ">=3.8"
files = [
    {file = "typed-argparse-0.3.1.tar.gz", hash = "sha256:3aac61caa50206e080d09a00c3fe552bc4e642739beaef89f5f8c1131b5d5afe"},
    {file = "typed_argparse-0.3.1-py3-none-any.whl", hash = "sha256:1fbbc3c6adde19aa04edafebd8a7efccab4ddd403d03ec68172cc20b237bbaa7"},
]

[package.dependencies]
typing-extensions = "*"

[[package]]
name = "typing-extensions"
version = "4.12.2"
description = "Backported and Experimental Type Hints for Python 3.8+"
optional = false
python-versions = ">=3.8"
files = [
    {file = "typing_extensions-4.12.2-py3-none-any.whl", hash = "sha256:04e5ca0351e0f3f85c6853954072df659d0d13fac324d0072316b67d7794700d"},
    {file = "typing_extensions-4.12.2.tar.gz", hash = "sha256:1a7ead55c7e559dd4dee8856e3a88b41225abfe1ce8df57b7c13915fe121ffb8"},
]

[metadata]
lock-version = "2.0"
python-versions = "^3.12"
content-hash = "56b389bb7faff10a5748742e8eb1f2b6c5a68702e80c2a9bdd9646461a8fabf2"
